// !$*UTF8*$!
{
	archiveVersion = 1;
	classes = {
	};
	objectVersion = 46;
	objects = {

/* Begin PBXBuildFile section */
		1D3623260D0F684500981E51 /* IphoneExamAppDelegate.m in Sources */ = {isa = PBXBuildFile; fileRef = 1D3623250D0F684500981E51 /* IphoneExamAppDelegate.m */; };
		1D60589B0D05DD56006BFB54 /* main.m in Sources */ = {isa = PBXBuildFile; fileRef = 29B97316FDCFA39411CA2CEA /* main.m */; };
		1D60589F0D05DD5A006BFB54 /* Foundation.framework in Frameworks */ = {isa = PBXBuildFile; fileRef = 1D30AB110D05D00D00671497 /* Foundation.framework */; };
		1DF5F4E00D08C38300B7A737 /* UIKit.framework in Frameworks */ = {isa = PBXBuildFile; fileRef = 1DF5F4DF0D08C38300B7A737 /* UIKit.framework */; };
		28216C970DB411BC00E5133A /* FirstViewController.m in Sources */ = {isa = PBXBuildFile; fileRef = 28216C960DB411BC00E5133A /* FirstViewController.m */; };
		288765080DF74369002DB57D /* CoreGraphics.framework in Frameworks */ = {isa = PBXBuildFile; fileRef = 288765070DF74369002DB57D /* CoreGraphics.framework */; };
		28AD73880D9D96C1002E5188 /* MainWindow.xib in Resources */ = {isa = PBXBuildFile; fileRef = 28AD73870D9D96C1002E5188 /* MainWindow.xib */; };
		9B0B26221AE7646B00292044 /* LogFilter.m in Sources */ = {isa = PBXBuildFile; fileRef = 9B0B26211AE7646B00292044 /* LogFilter.m */; };
		9BD079931BAA57E10040EA1F /* RootViewController.m in Sources */ = {isa = PBXBuildFile; fileRef = 9BD079911BAA57E10040EA1F /* RootViewController.m */; settings = {ASSET_TAGS = (); }; };
		9BD8146111A1C07D005BEAFF /* FourthViewController.m in Sources */ = {isa = PBXBuildFile; fileRef = 9BD8145C11A1C07D005BEAFF /* FourthViewController.m */; };
		9BD8146211A1C07D005BEAFF /* SecondViewController.m in Sources */ = {isa = PBXBuildFile; fileRef = 9BD8145E11A1C07D005BEAFF /* SecondViewController.m */; };
		9BD8146311A1C07D005BEAFF /* ThirdViewController.m in Sources */ = {isa = PBXBuildFile; fileRef = 9BD8146011A1C07D005BEAFF /* ThirdViewController.m */; };
		9BD8158E11A286AC005BEAFF /* FifthViewController.m in Sources */ = {isa = PBXBuildFile; fileRef = 9BD8158D11A286AC005BEAFF /* FifthViewController.m */; };
		9BE87D331B08CDDB0053F1E8 /* HproseContext.m in Sources */ = {isa = PBXBuildFile; fileRef = 9BE87D321B08CDDB0053F1E8 /* HproseContext.m */; };
		D824A71818F79F06004ED013 /* HproseClassManager.m in Sources */ = {isa = PBXBuildFile; fileRef = D824A70318F79F06004ED013 /* HproseClassManager.m */; };
		D824A71918F79F06004ED013 /* HproseClient.m in Sources */ = {isa = PBXBuildFile; fileRef = D824A70518F79F06004ED013 /* HproseClient.m */; };
		D824A71A18F79F06004ED013 /* HproseClientProxy.m in Sources */ = {isa = PBXBuildFile; fileRef = D824A70718F79F06004ED013 /* HproseClientProxy.m */; };
		D824A71B18F79F06004ED013 /* HproseException.m in Sources */ = {isa = PBXBuildFile; fileRef = D824A70918F79F06004ED013 /* HproseException.m */; };
		D824A71C18F79F06004ED013 /* HproseHelper.m in Sources */ = {isa = PBXBuildFile; fileRef = D824A70C18F79F06004ED013 /* HproseHelper.m */; };
		D824A71D18F79F06004ED013 /* HproseHttpClient.m in Sources */ = {isa = PBXBuildFile; fileRef = D824A70E18F79F06004ED013 /* HproseHttpClient.m */; };
		D824A71E18F79F06004ED013 /* HproseProperty.m in Sources */ = {isa = PBXBuildFile; fileRef = D824A71118F79F06004ED013 /* HproseProperty.m */; };
		D824A71F18F79F06004ED013 /* HproseReader.m in Sources */ = {isa = PBXBuildFile; fileRef = D824A71318F79F06004ED013 /* HproseReader.m */; };
		D824A72018F79F06004ED013 /* HproseWriter.m in Sources */ = {isa = PBXBuildFile; fileRef = D824A71718F79F06004ED013 /* HproseWriter.m */; };
		D8258B3818F8E5340049E92C /* HproseFormatter.m in Sources */ = {isa = PBXBuildFile; fileRef = D8258B3718F8E5340049E92C /* HproseFormatter.m */; };
		D8B878F818EED5520074F65A /* Default-568h@2x.png in Resources */ = {isa = PBXBuildFile; fileRef = D8B878F718EED5520074F65A /* Default-568h@2x.png */; };
/* End PBXBuildFile section */

/* Begin PBXFileReference section */
		1D30AB110D05D00D00671497 /* Foundation.framework */ = {isa = PBXFileReference; lastKnownFileType = wrapper.framework; name = Foundation.framework; path = System/Library/Frameworks/Foundation.framework; sourceTree = SDKROOT; };
		1D3623240D0F684500981E51 /* IphoneExamAppDelegate.h */ = {isa = PBXFileReference; fileEncoding = 4; lastKnownFileType = sourcecode.c.h; path = IphoneExamAppDelegate.h; sourceTree = "<group>"; };
		1D3623250D0F684500981E51 /* IphoneExamAppDelegate.m */ = {isa = PBXFileReference; fileEncoding = 4; lastKnownFileType = sourcecode.c.objc; path = IphoneExamAppDelegate.m; sourceTree = "<group>"; };
		1D6058910D05DD3D006BFB54 /* IphoneExam.app */ = {isa = PBXFileReference; explicitFileType = wrapper.application; includeInIndex = 0; path = IphoneExam.app; sourceTree = BUILT_PRODUCTS_DIR; };
		1DF5F4DF0D08C38300B7A737 /* UIKit.framework */ = {isa = PBXFileReference; lastKnownFileType = wrapper.framework; name = UIKit.framework; path = System/Library/Frameworks/UIKit.framework; sourceTree = SDKROOT; };
		28216C950DB411BC00E5133A /* FirstViewController.h */ = {isa = PBXFileReference; fileEncoding = 4; lastKnownFileType = sourcecode.c.h; path = FirstViewController.h; sourceTree = "<group>"; };
		28216C960DB411BC00E5133A /* FirstViewController.m */ = {isa = PBXFileReference; fileEncoding = 4; lastKnownFileType = sourcecode.c.objc; path = FirstViewController.m; sourceTree = "<group>"; };
		288765070DF74369002DB57D /* CoreGraphics.framework */ = {isa = PBXFileReference; lastKnownFileType = wrapper.framework; name = CoreGraphics.framework; path = System/Library/Frameworks/CoreGraphics.framework; sourceTree = SDKROOT; };
		28A0AB4B0D9B1048005BE974 /* IphoneExam_Prefix.pch */ = {isa = PBXFileReference; fileEncoding = 4; lastKnownFileType = sourcecode.c.h; path = IphoneExam_Prefix.pch; sourceTree = "<group>"; };
		28AD73870D9D96C1002E5188 /* MainWindow.xib */ = {isa = PBXFileReference; lastKnownFileType = file.xib; path = MainWindow.xib; sourceTree = "<group>"; };
		29B97316FDCFA39411CA2CEA /* main.m */ = {isa = PBXFileReference; fileEncoding = 4; lastKnownFileType = sourcecode.c.objc; path = main.m; sourceTree = "<group>"; };
		8D1107310486CEB800E47090 /* IphoneExam-Info.plist */ = {isa = PBXFileReference; fileEncoding = 4; lastKnownFileType = text.plist.xml; path = "IphoneExam-Info.plist"; plistStructureDefinitionIdentifier = "com.apple.xcode.plist.structure-definition.iphone.info-plist"; sourceTree = "<group>"; };
		9B0B26201AE7644100292044 /* LogFilter.h */ = {isa = PBXFileReference; lastKnownFileType = sourcecode.c.h; path = LogFilter.h; sourceTree = "<group>"; };
		9B0B26211AE7646B00292044 /* LogFilter.m */ = {isa = PBXFileReference; fileEncoding = 4; lastKnownFileType = sourcecode.c.objc; path = LogFilter.m; sourceTree = "<group>"; };
		9BD079901BAA57E10040EA1F /* RootViewController.h */ = {isa = PBXFileReference; fileEncoding = 4; lastKnownFileType = sourcecode.c.h; path = RootViewController.h; sourceTree = "<group>"; };
		9BD079911BAA57E10040EA1F /* RootViewController.m */ = {isa = PBXFileReference; fileEncoding = 4; lastKnownFileType = sourcecode.c.objc; path = RootViewController.m; sourceTree = "<group>"; };
		9BD8145B11A1C07D005BEAFF /* FourthViewController.h */ = {isa = PBXFileReference; fileEncoding = 4; lastKnownFileType = sourcecode.c.h; path = FourthViewController.h; sourceTree = "<group>"; };
		9BD8145C11A1C07D005BEAFF /* FourthViewController.m */ = {isa = PBXFileReference; fileEncoding = 4; lastKnownFileType = sourcecode.c.objc; path = FourthViewController.m; sourceTree = "<group>"; };
		9BD8145D11A1C07D005BEAFF /* SecondViewController.h */ = {isa = PBXFileReference; fileEncoding = 4; lastKnownFileType = sourcecode.c.h; path = SecondViewController.h; sourceTree = "<group>"; };
		9BD8145E11A1C07D005BEAFF /* SecondViewController.m */ = {isa = PBXFileReference; fileEncoding = 4; lastKnownFileType = sourcecode.c.objc; path = SecondViewController.m; sourceTree = "<group>"; };
		9BD8145F11A1C07D005BEAFF /* ThirdViewController.h */ = {isa = PBXFileReference; fileEncoding = 4; lastKnownFileType = sourcecode.c.h; path = ThirdViewController.h; sourceTree = "<group>"; };
		9BD8146011A1C07D005BEAFF /* ThirdViewController.m */ = {isa = PBXFileReference; fileEncoding = 4; lastKnownFileType = sourcecode.c.objc; path = ThirdViewController.m; sourceTree = "<group>"; };
		9BD8158C11A286AC005BEAFF /* FifthViewController.h */ = {isa = PBXFileReference; fileEncoding = 4; lastKnownFileType = sourcecode.c.h; path = FifthViewController.h; sourceTree = "<group>"; };
		9BD8158D11A286AC005BEAFF /* FifthViewController.m */ = {isa = PBXFileReference; fileEncoding = 4; lastKnownFileType = sourcecode.c.objc; path = FifthViewController.m; sourceTree = "<group>"; };
		9BE87D311B08CDDB0053F1E8 /* HproseContext.h */ = {isa = PBXFileReference; fileEncoding = 4; lastKnownFileType = sourcecode.c.h; name = HproseContext.h; path = ../../src/HproseContext.h; sourceTree = "<group>"; };
		9BE87D321B08CDDB0053F1E8 /* HproseContext.m */ = {isa = PBXFileReference; fileEncoding = 4; lastKnownFileType = sourcecode.c.objc; name = HproseContext.m; path = ../../src/HproseContext.m; sourceTree = "<group>"; };
		9BF1BFE711A182860097A03A /* Exam.h */ = {isa = PBXFileReference; fileEncoding = 4; lastKnownFileType = sourcecode.c.h; path = Exam.h; sourceTree = "<group>"; };
		D824A70118F79F06004ED013 /* Hprose.h */ = {isa = PBXFileReference; fileEncoding = 4; lastKnownFileType = sourcecode.c.h; name = Hprose.h; path = ../../src/Hprose.h; sourceTree = "<group>"; };
		D824A70218F79F06004ED013 /* HproseClassManager.h */ = {isa = PBXFileReference; fileEncoding = 4; lastKnownFileType = sourcecode.c.h; name = HproseClassManager.h; path = ../../src/HproseClassManager.h; sourceTree = "<group>"; };
		D824A70318F79F06004ED013 /* HproseClassManager.m */ = {isa = PBXFileReference; fileEncoding = 4; lastKnownFileType = sourcecode.c.objc; name = HproseClassManager.m; path = ../../src/HproseClassManager.m; sourceTree = "<group>"; };
		D824A70418F79F06004ED013 /* HproseClient.h */ = {isa = PBXFileReference; fileEncoding = 4; lastKnownFileType = sourcecode.c.h; name = HproseClient.h; path = ../../src/HproseClient.h; sourceTree = "<group>"; };
		D824A70518F79F06004ED013 /* HproseClient.m */ = {isa = PBXFileReference; fileEncoding = 4; lastKnownFileType = sourcecode.c.objc; name = HproseClient.m; path = ../../src/HproseClient.m; sourceTree = "<group>"; };
		D824A70618F79F06004ED013 /* HproseClientProxy.h */ = {isa = PBXFileReference; fileEncoding = 4; lastKnownFileType = sourcecode.c.h; name = HproseClientProxy.h; path = ../../src/HproseClientProxy.h; sourceTree = "<group>"; };
		D824A70718F79F06004ED013 /* HproseClientProxy.m */ = {isa = PBXFileReference; fileEncoding = 4; lastKnownFileType = sourcecode.c.objc; name = HproseClientProxy.m; path = ../../src/HproseClientProxy.m; sourceTree = "<group>"; };
		D824A70818F79F06004ED013 /* HproseException.h */ = {isa = PBXFileReference; fileEncoding = 4; lastKnownFileType = sourcecode.c.h; name = HproseException.h; path = ../../src/HproseException.h; sourceTree = "<group>"; };
		D824A70918F79F06004ED013 /* HproseException.m */ = {isa = PBXFileReference; fileEncoding = 4; lastKnownFileType = sourcecode.c.objc; name = HproseException.m; path = ../../src/HproseException.m; sourceTree = "<group>"; };
		D824A70A18F79F06004ED013 /* HproseFilter.h */ = {isa = PBXFileReference; fileEncoding = 4; lastKnownFileType = sourcecode.c.h; name = HproseFilter.h; path = ../../src/HproseFilter.h; sourceTree = "<group>"; };
		D824A70B18F79F06004ED013 /* HproseHelper.h */ = {isa = PBXFileReference; fileEncoding = 4; lastKnownFileType = sourcecode.c.h; name = HproseHelper.h; path = ../../src/HproseHelper.h; sourceTree = "<group>"; };
		D824A70C18F79F06004ED013 /* HproseHelper.m */ = {isa = PBXFileReference; fileEncoding = 4; lastKnownFileType = sourcecode.c.objc; name = HproseHelper.m; path = ../../src/HproseHelper.m; sourceTree = "<group>"; };
		D824A70D18F79F06004ED013 /* HproseHttpClient.h */ = {isa = PBXFileReference; fileEncoding = 4; lastKnownFileType = sourcecode.c.h; name = HproseHttpClient.h; path = ../../src/HproseHttpClient.h; sourceTree = "<group>"; };
		D824A70E18F79F06004ED013 /* HproseHttpClient.m */ = {isa = PBXFileReference; fileEncoding = 4; lastKnownFileType = sourcecode.c.objc; name = HproseHttpClient.m; path = ../../src/HproseHttpClient.m; sourceTree = "<group>"; };
		D824A70F18F79F06004ED013 /* HproseInvoker.h */ = {isa = PBXFileReference; fileEncoding = 4; lastKnownFileType = sourcecode.c.h; name = HproseInvoker.h; path = ../../src/HproseInvoker.h; sourceTree = "<group>"; };
		D824A71018F79F06004ED013 /* HproseProperty.h */ = {isa = PBXFileReference; fileEncoding = 4; lastKnownFileType = sourcecode.c.h; name = HproseProperty.h; path = ../../src/HproseProperty.h; sourceTree = "<group>"; };
		D824A71118F79F06004ED013 /* HproseProperty.m */ = {isa = PBXFileReference; fileEncoding = 4; lastKnownFileType = sourcecode.c.objc; name = HproseProperty.m; path = ../../src/HproseProperty.m; sourceTree = "<group>"; };
		D824A71218F79F06004ED013 /* HproseReader.h */ = {isa = PBXFileReference; fileEncoding = 4; lastKnownFileType = sourcecode.c.h; name = HproseReader.h; path = ../../src/HproseReader.h; sourceTree = "<group>"; };
		D824A71318F79F06004ED013 /* HproseReader.m */ = {isa = PBXFileReference; fileEncoding = 4; lastKnownFileType = sourcecode.c.objc; name = HproseReader.m; path = ../../src/HproseReader.m; sourceTree = "<group>"; };
		D824A71418F79F06004ED013 /* HproseResultMode.h */ = {isa = PBXFileReference; fileEncoding = 4; lastKnownFileType = sourcecode.c.h; name = HproseResultMode.h; path = ../../src/HproseResultMode.h; sourceTree = "<group>"; };
		D824A71518F79F06004ED013 /* HproseTags.h */ = {isa = PBXFileReference; fileEncoding = 4; lastKnownFileType = sourcecode.c.h; name = HproseTags.h; path = ../../src/HproseTags.h; sourceTree = "<group>"; };
		D824A71618F79F06004ED013 /* HproseWriter.h */ = {isa = PBXFileReference; fileEncoding = 4; lastKnownFileType = sourcecode.c.h; name = HproseWriter.h; path = ../../src/HproseWriter.h; sourceTree = "<group>"; };
		D824A71718F79F06004ED013 /* HproseWriter.m */ = {isa = PBXFileReference; fileEncoding = 4; lastKnownFileType = sourcecode.c.objc; name = HproseWriter.m; path = ../../src/HproseWriter.m; sourceTree = "<group>"; };
		D8258B3618F8E5340049E92C /* HproseFormatter.h */ = {isa = PBXFileReference; fileEncoding = 4; lastKnownFileType = sourcecode.c.h; name = HproseFormatter.h; path = ../../src/HproseFormatter.h; sourceTree = "<group>"; };
		D8258B3718F8E5340049E92C /* HproseFormatter.m */ = {isa = PBXFileReference; fileEncoding = 4; lastKnownFileType = sourcecode.c.objc; name = HproseFormatter.m; path = ../../src/HproseFormatter.m; sourceTree = "<group>"; };
		D8B878F718EED5520074F65A /* Default-568h@2x.png */ = {isa = PBXFileReference; lastKnownFileType = image.png; path = "Default-568h@2x.png"; sourceTree = "<group>"; };
/* End PBXFileReference section */

/* Begin PBXFrameworksBuildPhase section */
		1D60588F0D05DD3D006BFB54 /* Frameworks */ = {
			isa = PBXFrameworksBuildPhase;
			buildActionMask = 2147483647;
			files = (
				1D60589F0D05DD5A006BFB54 /* Foundation.framework in Frameworks */,
				1DF5F4E00D08C38300B7A737 /* UIKit.framework in Frameworks */,
				288765080DF74369002DB57D /* CoreGraphics.framework in Frameworks */,
			);
			runOnlyForDeploymentPostprocessing = 0;
		};
/* End PBXFrameworksBuildPhase section */

/* Begin PBXGroup section */
		080E96DDFE201D6D7F000001 /* Classes */ = {
			isa = PBXGroup;
			children = (
				9BD8158C11A286AC005BEAFF /* FifthViewController.h */,
				9BD8158D11A286AC005BEAFF /* FifthViewController.m */,
				9BD8145B11A1C07D005BEAFF /* FourthViewController.h */,
				9BD8145C11A1C07D005BEAFF /* FourthViewController.m */,
				9BD8145D11A1C07D005BEAFF /* SecondViewController.h */,
				9BD8145E11A1C07D005BEAFF /* SecondViewController.m */,
				9BD8145F11A1C07D005BEAFF /* ThirdViewController.h */,
				9BD8146011A1C07D005BEAFF /* ThirdViewController.m */,
				9BF1BFE711A182860097A03A /* Exam.h */,
				28216C950DB411BC00E5133A /* FirstViewController.h */,
				28216C960DB411BC00E5133A /* FirstViewController.m */,
				1D3623240D0F684500981E51 /* IphoneExamAppDelegate.h */,
				1D3623250D0F684500981E51 /* IphoneExamAppDelegate.m */,
				9B0B26201AE7644100292044 /* LogFilter.h */,
				9B0B26211AE7646B00292044 /* LogFilter.m */,
				9BD079901BAA57E10040EA1F /* RootViewController.h */,
				9BD079911BAA57E10040EA1F /* RootViewController.m */,
			);
			path = Classes;
			sourceTree = "<group>";
		};
		19C28FACFE9D520D11CA2CBB /* Products */ = {
			isa = PBXGroup;
			children = (
				1D6058910D05DD3D006BFB54 /* IphoneExam.app */,
			);
			name = Products;
			sourceTree = "<group>";
		};
		29B97314FDCFA39411CA2CEA /* IphoneExam */ = {
			isa = PBXGroup;
			children = (
				D8B878F718EED5520074F65A /* Default-568h@2x.png */,
				D824A70018F79EF4004ED013 /* Hprose */,
				080E96DDFE201D6D7F000001 /* Classes */,
				29B97315FDCFA39411CA2CEA /* Other Sources */,
				29B97317FDCFA39411CA2CEA /* Resources */,
				29B97323FDCFA39411CA2CEA /* Frameworks */,
				19C28FACFE9D520D11CA2CBB /* Products */,
			);
			name = IphoneExam;
			sourceTree = "<group>";
		};
		29B97315FDCFA39411CA2CEA /* Other Sources */ = {
			isa = PBXGroup;
			children = (
				28A0AB4B0D9B1048005BE974 /* IphoneExam_Prefix.pch */,
				29B97316FDCFA39411CA2CEA /* main.m */,
			);
			name = "Other Sources";
			sourceTree = "<group>";
		};
		29B97317FDCFA39411CA2CEA /* Resources */ = {
			isa = PBXGroup;
			children = (
				28AD73870D9D96C1002E5188 /* MainWindow.xib */,
				8D1107310486CEB800E47090 /* IphoneExam-Info.plist */,
			);
			name = Resources;
			sourceTree = "<group>";
		};
		29B97323FDCFA39411CA2CEA /* Frameworks */ = {
			isa = PBXGroup;
			children = (
				1DF5F4DF0D08C38300B7A737 /* UIKit.framework */,
				1D30AB110D05D00D00671497 /* Foundation.framework */,
				288765070DF74369002DB57D /* CoreGraphics.framework */,
			);
			name = Frameworks;
			sourceTree = "<group>";
		};
		D824A70018F79EF4004ED013 /* Hprose */ = {
			isa = PBXGroup;
			children = (
				D824A70118F79F06004ED013 /* Hprose.h */,
				D824A70218F79F06004ED013 /* HproseClassManager.h */,
				D824A70318F79F06004ED013 /* HproseClassManager.m */,
				D824A70418F79F06004ED013 /* HproseClient.h */,
				D824A70518F79F06004ED013 /* HproseClient.m */,
				D824A70618F79F06004ED013 /* HproseClientProxy.h */,
				D824A70718F79F06004ED013 /* HproseClientProxy.m */,
				D824A70818F79F06004ED013 /* HproseException.h */,
				D824A70918F79F06004ED013 /* HproseException.m */,
				D824A70A18F79F06004ED013 /* HproseFilter.h */,
				D8258B3618F8E5340049E92C /* HproseFormatter.h */,
				D8258B3718F8E5340049E92C /* HproseFormatter.m */,
				D824A70B18F79F06004ED013 /* HproseHelper.h */,
				D824A70C18F79F06004ED013 /* HproseHelper.m */,
				D824A70D18F79F06004ED013 /* HproseHttpClient.h */,
				D824A70E18F79F06004ED013 /* HproseHttpClient.m */,
				D824A70F18F79F06004ED013 /* HproseInvoker.h */,
				D824A71018F79F06004ED013 /* HproseProperty.h */,
				D824A71118F79F06004ED013 /* HproseProperty.m */,
				D824A71218F79F06004ED013 /* HproseReader.h */,
				D824A71318F79F06004ED013 /* HproseReader.m */,
				D824A71418F79F06004ED013 /* HproseResultMode.h */,
				D824A71518F79F06004ED013 /* HproseTags.h */,
				D824A71618F79F06004ED013 /* HproseWriter.h */,
				D824A71718F79F06004ED013 /* HproseWriter.m */,
				9BE87D311B08CDDB0053F1E8 /* HproseContext.h */,
				9BE87D321B08CDDB0053F1E8 /* HproseContext.m */,
			);
			name = Hprose;
			sourceTree = "<group>";
		};
/* End PBXGroup section */

/* Begin PBXNativeTarget section */
		1D6058900D05DD3D006BFB54 /* IphoneExam */ = {
			isa = PBXNativeTarget;
			buildConfigurationList = 1D6058960D05DD3E006BFB54 /* Build configuration list for PBXNativeTarget "IphoneExam" */;
			buildPhases = (
				1D60588D0D05DD3D006BFB54 /* Resources */,
				1D60588E0D05DD3D006BFB54 /* Sources */,
				1D60588F0D05DD3D006BFB54 /* Frameworks */,
			);
			buildRules = (
			);
			dependencies = (
			);
			name = IphoneExam;
			productName = IphoneExam;
			productReference = 1D6058910D05DD3D006BFB54 /* IphoneExam.app */;
			productType = "com.apple.product-type.application";
		};
/* End PBXNativeTarget section */

/* Begin PBXProject section */
		29B97313FDCFA39411CA2CEA /* Project object */ = {
			isa = PBXProject;
			attributes = {
				LastUpgradeCheck = 0510;
			};
			buildConfigurationList = C01FCF4E08A954540054247B /* Build configuration list for PBXProject "IphoneExam" */;
			compatibilityVersion = "Xcode 3.2";
			developmentRegion = English;
			hasScannedForEncodings = 1;
			knownRegions = (
				en,
			);
			mainGroup = 29B97314FDCFA39411CA2CEA /* IphoneExam */;
			projectDirPath = "";
			projectRoot = "";
			targets = (
				1D6058900D05DD3D006BFB54 /* IphoneExam */,
			);
		};
/* End PBXProject section */

/* Begin PBXResourcesBuildPhase section */
		1D60588D0D05DD3D006BFB54 /* Resources */ = {
			isa = PBXResourcesBuildPhase;
			buildActionMask = 2147483647;
			files = (
				28AD73880D9D96C1002E5188 /* MainWindow.xib in Resources */,
				D8B878F818EED5520074F65A /* Default-568h@2x.png in Resources */,
			);
			runOnlyForDeploymentPostprocessing = 0;
		};
/* End PBXResourcesBuildPhase section */

/* Begin PBXSourcesBuildPhase section */
		1D60588E0D05DD3D006BFB54 /* Sources */ = {
			isa = PBXSourcesBuildPhase;
			buildActionMask = 2147483647;
			files = (
				9BE87D331B08CDDB0053F1E8 /* HproseContext.m in Sources */,
				D824A71D18F79F06004ED013 /* HproseHttpClient.m in Sources */,
				1D60589B0D05DD56006BFB54 /* main.m in Sources */,
				D824A71818F79F06004ED013 /* HproseClassManager.m in Sources */,
				D824A71E18F79F06004ED013 /* HproseProperty.m in Sources */,
				1D3623260D0F684500981E51 /* IphoneExamAppDelegate.m in Sources */,
				9B0B26221AE7646B00292044 /* LogFilter.m in Sources */,
				D824A71918F79F06004ED013 /* HproseClient.m in Sources */,
				D824A71F18F79F06004ED013 /* HproseReader.m in Sources */,
				D824A72018F79F06004ED013 /* HproseWriter.m in Sources */,
				28216C970DB411BC00E5133A /* FirstViewController.m in Sources */,
				D824A71B18F79F06004ED013 /* HproseException.m in Sources */,
				9BD8146111A1C07D005BEAFF /* FourthViewController.m in Sources */,
				D8258B3818F8E5340049E92C /* HproseFormatter.m in Sources */,
				9BD079931BAA57E10040EA1F /* RootViewController.m in Sources */,
				D824A71A18F79F06004ED013 /* HproseClientProxy.m in Sources */,
				9BD8146211A1C07D005BEAFF /* SecondViewController.m in Sources */,
				9BD8146311A1C07D005BEAFF /* ThirdViewController.m in Sources */,
				D824A71C18F79F06004ED013 /* HproseHelper.m in Sources */,
				9BD8158E11A286AC005BEAFF /* FifthViewController.m in Sources */,
			);
			runOnlyForDeploymentPostprocessing = 0;
		};
/* End PBXSourcesBuildPhase section */

/* Begin XCBuildConfiguration section */
		1D6058940D05DD3E006BFB54 /* Debug */ = {
			isa = XCBuildConfiguration;
			buildSettings = {
				ALWAYS_SEARCH_USER_PATHS = NO;
				CLANG_ENABLE_OBJC_ARC = YES;
				COPY_PHASE_STRIP = NO;
				GCC_DYNAMIC_NO_PIC = NO;
				GCC_OPTIMIZATION_LEVEL = 0;
				GCC_PRECOMPILE_PREFIX_HEADER = YES;
				GCC_PREFIX_HEADER = IphoneExam_Prefix.pch;
				INFOPLIST_FILE = "IphoneExam-Info.plist";
				LIBRARY_SEARCH_PATHS = (
					"$(inherited)",
					"\"$(SRCROOT)/..\"",
					"\"$(SRCROOT)/Release-iphonesimulator\"",
					"\"$(SRCROOT)\"",
				);
				ONLY_ACTIVE_ARCH = NO;
				PRODUCT_NAME = IphoneExam;
			};
			name = Debug;
		};
		1D6058950D05DD3E006BFB54 /* Release */ = {
			isa = XCBuildConfiguration;
			buildSettings = {
				ALWAYS_SEARCH_USER_PATHS = NO;
				CLANG_ENABLE_OBJC_ARC = YES;
				COPY_PHASE_STRIP = YES;
				GCC_PRECOMPILE_PREFIX_HEADER = YES;
				GCC_PREFIX_HEADER = IphoneExam_Prefix.pch;
				INFOPLIST_FILE = "IphoneExam-Info.plist";
				LIBRARY_SEARCH_PATHS = (
					"$(inherited)",
					"\"$(SRCROOT)/..\"",
					"\"$(SRCROOT)/Release-iphonesimulator\"",
					"\"$(SRCROOT)\"",
				);
				ONLY_ACTIVE_ARCH = NO;
				PRODUCT_NAME = IphoneExam;
				VALIDATE_PRODUCT = YES;
			};
			name = Release;
		};
		C01FCF4F08A954540054247B /* Debug */ = {
			isa = XCBuildConfiguration;
			buildSettings = {
				"CODE_SIGN_IDENTITY[sdk=iphoneos*]" = "iPhone Developer";
				GCC_C_LANGUAGE_STANDARD = c99;
				GCC_WARN_ABOUT_RETURN_TYPE = YES;
				GCC_WARN_UNUSED_VARIABLE = YES;
				ONLY_ACTIVE_ARCH = YES;
				PREBINDING = NO;
				SDKROOT = iphoneos;
			};
			name = Debug;
		};
		C01FCF5008A954540054247B /* Release */ = {
			isa = XCBuildConfiguration;
			buildSettings = {
				"CODE_SIGN_IDENTITY[sdk=iphoneos*]" = "iPhone Developer";
				GCC_C_LANGUAGE_STANDARD = c99;
				GCC_WARN_ABOUT_RETURN_TYPE = YES;
				GCC_WARN_UNUSED_VARIABLE = YES;
				OTHER_CFLAGS = "-DNS_BLOCK_ASSERTIONS=1";
				PREBINDING = NO;
				SDKROOT = iphoneos;
			};
			name = Release;
		};
/* End XCBuildConfiguration section */

/* Begin XCConfigurationList section */
		1D6058960D05DD3E006BFB54 /* Build configuration list for PBXNativeTarget "IphoneExam" */ = {
			isa = XCConfigurationList;
			buildConfigurations = (
				1D6058940D05DD3E006BFB54 /* Debug */,
				1D6058950D05DD3E006BFB54 /* Release */,
			);
			defaultConfigurationIsVisible = 0;
			defaultConfigurationName = Release;
		};
		C01FCF4E08A954540054247B /* Build configuration list for PBXProject "IphoneExam" */ = {
			isa = XCConfigurationList;
			buildConfigurations = (
				C01FCF4F08A954540054247B /* Debug */,
				C01FCF5008A954540054247B /* Release */,
			);
			defaultConfigurationIsVisible = 0;
			defaultConfigurationName = Release;
		};
/* End XCConfigurationList section */
	};
	rootObject = 29B97313FDCFA39411CA2CEA /* Project object */;
}
